# THIS IS AN AUTOGENERATED FILE. DO NOT EDIT THIS FILE DIRECTLY.
# yarn lockfile v1


"@types/faker@^4.1.5":
  version "4.1.12"
  resolved "https://registry.npmjs.org/@types/faker/-/faker-4.1.12.tgz"
  integrity sha512-0MEyzJrLLs1WaOCx9ULK6FzdCSj2EuxdSP9kvuxxdBEGujZYUOZ4vkPXdgu3dhyg/pOdn7VCatelYX7k0YShlA==

"@types/node@^11.12.1":
  version "11.15.54"
  resolved "https://registry.npmjs.org/@types/node/-/node-11.15.54.tgz"
  integrity sha512-1RWYiq+5UfozGsU6MwJyFX6BtktcT10XRjvcAQmskCtMcW3tPske88lM/nHv7BQG1w9KBXI1zPGuu5PnNCX14g==

"@types/prop-types@*":
  version "15.7.4"
  resolved "https://registry.npmjs.org/@types/prop-types/-/prop-types-15.7.4.tgz"
  integrity sha512-rZ5drC/jWjrArrS8BR6SIr4cWpW09RNTYt9AMZo3Jwwif+iacXAqgVjm0B0Bv/S1jhDXKHqRVNCbACkJ89RAnQ==

"@types/react-intl@^2.3.17":
  version "2.3.18"
  resolved "https://registry.npmjs.org/@types/react-intl/-/react-intl-2.3.18.tgz"
  integrity sha512-DVNJs49zUxKRZng8VuILE886Yihdsf3yLr5vHk9zJrmF8SyRSK3sxNSvikAKxNkv9hX55XBTJShz6CkJnbNjgg==

"@types/react@^16.8.10":
  version "16.14.23"
  resolved "https://registry.npmjs.org/@types/react/-/react-16.14.23.tgz"
  integrity sha512-WngBZLuSkP4IAgPi0HOsGCHo6dn3CcuLQnCfC17VbA7YBgipZiZoTOhObwl/93DsFW0Y2a/ZXeonpW4DxirEJg==
  dependencies:
    "@types/prop-types" "*"
    "@types/scheduler" "*"
    csstype "^3.0.2"

"@types/scheduler@*":
  version "0.16.2"
  resolved "https://registry.npmjs.org/@types/scheduler/-/scheduler-0.16.2.tgz"
  integrity sha512-hppQEBDmlwhFAXKJX2KnWLYu5yMfi91yazPb2l+lbJiwW+wdo1gNeRA+3RgNSO39WYX2euey41KEwnqesU2Jew==

"@types/zen-observable@^0.8.0":
  version "0.8.3"
  resolved "https://registry.npmjs.org/@types/zen-observable/-/zen-observable-0.8.3.tgz"
  integrity sha512-fbF6oTd4sGGy0xjHPKAt+eS2CrxJ3+6gQ3FGcBoIJR2TLAyCkCyI8JqZNy+FeON0AhVgNJoUumVoZQjBFUqHkw==

"@vtex/tsconfig@^0.4.4":
  version "0.4.4"
  resolved "https://registry.npmjs.org/@vtex/tsconfig/-/tsconfig-0.4.4.tgz"
  integrity sha512-aja4GABSbOyAC02TBEHem9ONN01fmKJR70t1+PNCgHGrmSVaLcjjQ7HbU0hhoyp+q7MvRIZznM60tIlntTogNA==

"@wry/equality@^0.1.2":
  version "0.1.11"
  resolved "https://registry.npmjs.org/@wry/equality/-/equality-0.1.11.tgz"
  integrity sha512-mwEVBDUVODlsQQ5dfuLUS5/Tf7jqUKyhKYHmVi4fPB6bDMOfWvUPJmKgS1Z7Za/sOI3vzWt4+O7yCiL/70MogA==
  dependencies:
    tslib "^1.9.3"

apollo-cache@1.3.5:
  version "1.3.5"
  resolved "https://registry.npmjs.org/apollo-cache/-/apollo-cache-1.3.5.tgz"
  integrity sha512-1XoDy8kJnyWY/i/+gLTEbYLnoiVtS8y7ikBr/IfmML4Qb+CM7dEEbIUOjnY716WqmZ/UpXIxTfJsY7rMcqiCXA==
  dependencies:
    apollo-utilities "^1.3.4"
    tslib "^1.10.0"

apollo-client@^2.4.7:
  version "2.6.10"
  resolved "https://registry.npmjs.org/apollo-client/-/apollo-client-2.6.10.tgz"
  integrity sha512-jiPlMTN6/5CjZpJOkGeUV0mb4zxx33uXWdj/xQCfAMkuNAC3HN7CvYDyMHHEzmcQ5GV12LszWoQ/VlxET24CtA==
  dependencies:
    "@types/zen-observable" "^0.8.0"
    apollo-cache "1.3.5"
    apollo-link "^1.0.0"
    apollo-utilities "1.3.4"
    symbol-observable "^1.0.2"
    ts-invariant "^0.4.0"
    tslib "^1.10.0"
    zen-observable "^0.8.0"

apollo-link@^1.0.0:
  version "1.2.14"
  resolved "https://registry.npmjs.org/apollo-link/-/apollo-link-1.2.14.tgz"
  integrity sha512-p67CMEFP7kOG1JZ0ZkYZwRDa369w5PIjtMjvrQd/HnIV8FRsHRqLqK+oAZQnFa1DDdZtOtHTi+aMIW6EatC2jg==
  dependencies:
    apollo-utilities "^1.3.0"
    ts-invariant "^0.4.0"
    tslib "^1.9.3"
    zen-observable-ts "^0.8.21"

apollo-utilities@1.3.4, apollo-utilities@^1.3.0, apollo-utilities@^1.3.4:
  version "1.3.4"
  resolved "https://registry.npmjs.org/apollo-utilities/-/apollo-utilities-1.3.4.tgz"
  integrity sha512-pk2hiWrCXMAy2fRPwEyhvka+mqwzeP60Jr1tRYi5xru+3ko94HI9o6lK0CT33/w4RDlxWchmdhDCrvdr+pHCig==
  dependencies:
    "@wry/equality" "^0.1.2"
    fast-json-stable-stringify "^2.0.0"
    ts-invariant "^0.4.0"
    tslib "^1.10.0"

csstype@^3.0.2:
  version "3.0.11"
  resolved "https://registry.npmjs.org/csstype/-/csstype-3.0.11.tgz"
  integrity sha512-sa6P2wJ+CAbgyy4KFssIb/JNMLxFvKF1pCYCSXS8ZMuqZnMsrxqI2E5sPyoTpxoPU/gVZMzr2zjOfg8GIZOMsw==

faker@^4.1.0:
  version "4.1.0"
  resolved "https://registry.npmjs.org/faker/-/faker-4.1.0.tgz"
  integrity sha1-HkW7vsxndLPBlfrSg1EJxtdIzD8=

fast-json-stable-stringify@^2.0.0:
  version "2.1.0"
  resolved "https://registry.npmjs.org/fast-json-stable-stringify/-/fast-json-stable-stringify-2.1.0.tgz"
  integrity sha512-lhd/wF+Lk98HZoTCtlVraHtfh5XYijIjalXck7saUtuanSDyLMxnHhSXEDJqHxD7msR8D0uCmqlkwjCV8xvwHw==

graphql@^14.0.2:
  version "14.7.0"
  resolved "https://registry.npmjs.org/graphql/-/graphql-14.7.0.tgz"
  integrity sha512-l0xWZpoPKpppFzMfvVyFmp9vLN7w/ZZJPefUicMCepfJeQ8sMcztloGYY9DfjVPo6tIUDzU5Hw3MUbIjj9AVVA==
  dependencies:
    iterall "^1.2.2"

hoist-non-react-statics@^3.3.0:
  version "3.3.2"
  resolved "https://registry.npmjs.org/hoist-non-react-statics/-/hoist-non-react-statics-3.3.2.tgz"
  integrity sha512-/gGivxi8JPKWNm/W0jSmzcMPpfpPLc3dY/6GxhX2hQ9iGj3aDfklV4ET7NjKpSinLpJ5vafa9iiGIEZg10SfBw==
  dependencies:
    react-is "^16.7.0"

intl-format-cache@^2.0.5:
  version "2.2.9"
  resolved "https://registry.npmjs.org/intl-format-cache/-/intl-format-cache-2.2.9.tgz"
  integrity sha512-Zv/u8wRpekckv0cLkwpVdABYST4hZNTDaX7reFetrYTJwxExR2VyTqQm+l0WmL0Qo8Mjb9Tf33qnfj0T7pjxdQ==

intl-messageformat-parser@1.4.0:
  version "1.4.0"
  resolved "https://registry.npmjs.org/intl-messageformat-parser/-/intl-messageformat-parser-1.4.0.tgz"
  integrity sha1-tD1FqXRoytvkQzHXS7Ho3qRPwHU=

intl-messageformat@^2.0.0, intl-messageformat@^2.1.0:
  version "2.2.0"
  resolved "https://registry.npmjs.org/intl-messageformat/-/intl-messageformat-2.2.0.tgz"
  integrity sha1-NFvNRt5jC3aDMwwuUhd/9eq0hPw=
  dependencies:
    intl-messageformat-parser "1.4.0"

intl-relativeformat@^2.1.0:
  version "2.2.0"
  resolved "https://registry.npmjs.org/intl-relativeformat/-/intl-relativeformat-2.2.0.tgz"
  integrity sha512-4bV/7kSKaPEmu6ArxXf9xjv1ny74Zkwuey8Pm01NH4zggPP7JHwg2STk8Y3JdspCKRDriwIyLRfEXnj2ZLr4Bw==
  dependencies:
    intl-messageformat "^2.0.0"

invariant@^2.1.1:
  version "2.2.4"
  resolved "https://registry.npmjs.org/invariant/-/invariant-2.2.4.tgz"
  integrity sha512-phJfQVBuaJM5raOpJjSfkiD6BpbCE4Ns//LaXl6wGYtUBY83nWS6Rf9tXm2e8VaK60JEjYldbPif/A2B1C2gNA==
  dependencies:
    loose-envify "^1.0.0"

iterall@^1.2.2:
  version "1.3.0"
  resolved "https://registry.npmjs.org/iterall/-/iterall-1.3.0.tgz"
  integrity sha512-QZ9qOMdF+QLHxy1QIpUHUU1D5pS2CG2P69LF6L6CPjPYA/XMOmKV3PZpawHoAjHNyB0swdVTRxdYT4tbBbxqwg==

"js-tokens@^3.0.0 || ^4.0.0":
  version "4.0.0"
  resolved "https://registry.npmjs.org/js-tokens/-/js-tokens-4.0.0.tgz"
  integrity sha512-RdJUflcE3cUzKiMqQgsCu06FPu9UdIJO0beYbPhHN4k6apgJtifcoCtT9bcxOpYBtpD2kCM6Sbzg4CausW/PKQ==

loose-envify@^1.0.0, loose-envify@^1.1.0, loose-envify@^1.4.0:
  version "1.4.0"
  resolved "https://registry.npmjs.org/loose-envify/-/loose-envify-1.4.0.tgz"
  integrity sha512-lyuxPGr/Wfhrlem2CL/UcnUc1zcqKAImBDzukY7Y5F/yQiNdko6+fRLevlw1HgMySw7f611UIY408EtxRSoK3Q==
  dependencies:
    js-tokens "^3.0.0 || ^4.0.0"

object-assign@^4.1.1:
  version "4.1.1"
  resolved "https://registry.npmjs.org/object-assign/-/object-assign-4.1.1.tgz"
  integrity sha1-IQmtx5ZYh8/AXLvUQsrIv7s2CGM=

prop-types@^15.6.2, prop-types@^15.7.2:
  version "15.8.1"
  resolved "https://registry.npmjs.org/prop-types/-/prop-types-15.8.1.tgz"
  integrity sha512-oj87CgZICdulUohogVAR7AjlC0327U4el4L6eAvOqCeudMDVU0NThNaV+b9Df4dXgSP1gXMTnPdhfe/2qDH5cg==
  dependencies:
    loose-envify "^1.4.0"
    object-assign "^4.1.1"
    react-is "^16.13.1"

react-dom@^16.8.6:
  version "16.14.0"
  resolved "https://registry.npmjs.org/react-dom/-/react-dom-16.14.0.tgz"
  integrity sha512-1gCeQXDLoIqMgqD3IO2Ah9bnf0w9kzhwN5q4FGnHZ67hBm9yePzB5JJAIQCc8x3pFnNlwFq4RidZggNAAkzWWw==
  dependencies:
    loose-envify "^1.1.0"
    object-assign "^4.1.1"
    prop-types "^15.6.2"
    scheduler "^0.19.1"

react-intl@^2.7.2:
  version "2.9.0"
  resolved "https://registry.npmjs.org/react-intl/-/react-intl-2.9.0.tgz"
  integrity sha512-27jnDlb/d2A7mSJwrbOBnUgD+rPep+abmoJE511Tf8BnoONIAUehy/U1zZCHGO17mnOwMWxqN4qC0nW11cD6rA==
  dependencies:
    hoist-non-react-statics "^3.3.0"
    intl-format-cache "^2.0.5"
    intl-messageformat "^2.1.0"
    intl-relativeformat "^2.1.0"
    invariant "^2.1.1"

react-is@^16.13.1, react-is@^16.7.0:
  version "16.13.1"
  resolved "https://registry.npmjs.org/react-is/-/react-is-16.13.1.tgz"
  integrity sha512-24e6ynE2H+OKt4kqsOvNd8kBpV65zoxbA4BVsEOB3ARVWQki/DHzaUoC5KuON/BiccDaCCTZBuOcfZs70kR8bQ==

react@^16.8.6:
  version "16.14.0"
  resolved "https://registry.npmjs.org/react/-/react-16.14.0.tgz"
  integrity sha512-0X2CImDkJGApiAlcf0ODKIneSwBPhqJawOa5wCtKbu7ZECrmS26NvtSILynQ66cgkT/RJ4LidJOc3bUESwmU8g==
  dependencies:
    loose-envify "^1.1.0"
    object-assign "^4.1.1"
    prop-types "^15.6.2"

scheduler@^0.19.1:
  version "0.19.1"
  resolved "https://registry.npmjs.org/scheduler/-/scheduler-0.19.1.tgz"
  integrity sha512-n/zwRWRYSUj0/3g/otKDRPMh6qv2SYMWNq85IEa8iZyAv8od9zDYpGSnpBEjNgcMNq6Scbu5KfIPxNF72R/2EA==
  dependencies:
    loose-envify "^1.1.0"
    object-assign "^4.1.1"

symbol-observable@^1.0.2:
  version "1.2.0"
  resolved "https://registry.npmjs.org/symbol-observable/-/symbol-observable-1.2.0.tgz"
  integrity sha512-e900nM8RRtGhlV36KGEU9k65K3mPb1WV70OdjfxlG2EAuM1noi/E/BaW/uMhL7bPEssK8QV57vN3esixjUvcXQ==

"trainingweekdev21.admin-app@https://brunomoreira--trainingweekdev21.myvtex.com/_v/private/typings/linked/v1/trainingweekdev21.admin-app@0.1.0+build1632880086/public/@types/trainingweekdev21.admin-app":
  version "0.1.0"
  resolved "https://brunomoreira--trainingweekdev21.myvtex.com/_v/private/typings/linked/v1/trainingweekdev21.admin-app@0.1.0+build1632880086/public/@types/trainingweekdev21.admin-app"
  integrity sha512-rmckdHRkcdolzzSsUpSPW93kDn3mSU+ZF+P+Mz2HEcjcTNKqZwnQKgGnx+UnnF6BSc3sZsdDavS6RP9e4n3aqQ==

ts-invariant@^0.4.0:
  version "0.4.4"
  resolved "https://registry.npmjs.org/ts-invariant/-/ts-invariant-0.4.4.tgz"
  integrity sha512-uEtWkFM/sdZvRNNDL3Ehu4WVpwaulhwQszV8mrtcdeE8nN00BV9mAmQ88RkrBhFgl9gMgvjJLAQcZbnPXI9mlA==
  dependencies:
    tslib "^1.9.3"

tslib@^1.10.0, tslib@^1.9.3:
  version "1.14.1"
  resolved "https://registry.npmjs.org/tslib/-/tslib-1.14.1.tgz"
  integrity sha512-Xni35NKzjgMrwevysHTCArtLDpPvye8zV/0E4EyYn43P7/7qvQwPh9BGkHewbMulVntbigmcT7rdX3BNo9wRJg==

typescript@3.9.7:
  version "3.9.7"
  resolved "https://registry.npmjs.org/typescript/-/typescript-3.9.7.tgz"
  integrity sha512-BLbiRkiBzAwsjut4x/dsibSTB6yWpwT5qWmC2OfuCg3GgVQCSgMs4vEctYPhsaGtd0AeuuHMkjZ2h2WG8MSzRw==

"vtex.render-runtime@http://vtex.vtexassets.com/_v/public/typings/v1/vtex.render-runtime@8.132.1/public/@types/vtex.render-runtime":
  version "8.132.1"
  resolved "http://vtex.vtexassets.com/_v/public/typings/v1/vtex.render-runtime@8.132.1/public/@types/vtex.render-runtime"
  integrity sha512-fdmXP68KYmoTg/zQ0a+BM+Oeg0qAOItHjyzDa92faqnWo9roajgt0vkpOgeuJ2x4AnZFAfcDxLUbySWSAkggFA==

"vtex.styleguide@http://vtex.vtexassets.com/_v/public/typings/v1/vtex.styleguide@9.145.0/public/@types/vtex.styleguide":
  version "9.145.0"
  resolved "http://vtex.vtexassets.com/_v/public/typings/v1/vtex.styleguide@9.145.0/public/@types/vtex.styleguide"
  integrity sha512-3mTVbgDIinKBmMX/uqsJ4h2mDI7+TGDwksHr9Mngd6a+sL39svOoXkOIg2swvOZ4AUXTVXHUVtLVGLf9OEHOjw==

zen-observable-ts@^0.8.21:
  version "0.8.21"
  resolved "https://registry.npmjs.org/zen-observable-ts/-/zen-observable-ts-0.8.21.tgz"
  integrity sha512-Yj3yXweRc8LdRMrCC8nIc4kkjWecPAUVh0TI0OUrWXx6aX790vLcDlWca6I4vsyCGH3LpWxq0dJRcMOFoVqmeg==
  dependencies:
    tslib "^1.9.3"
    zen-observable "^0.8.0"

zen-observable@^0.8.0:
  version "0.8.15"
  resolved "https://registry.npmjs.org/zen-observable/-/zen-observable-0.8.15.tgz"
  integrity sha512-PQ2PC7R9rslx84ndNBZB/Dkv8V8fZEpk83RLgXtYd0fwUgEjseMn1Dgajh2x6S8QbZAFa9p2qVCEuYZNgve0dQ==
